// !$*UTF8*$!
{
	archiveVersion = 1;
	classes = {
	};
	objectVersion = 50;
	objects = {

/* Begin PBXBuildFile section */
		AD147DAC219D93250035AAAD /* AppDelegate.swift in Sources */ = {isa = PBXBuildFile; fileRef = AD147DAB219D93250035AAAD /* AppDelegate.swift */; };
		AD147DB1219D93250035AAAD /* Main.storyboard in Resources */ = {isa = PBXBuildFile; fileRef = AD147DAF219D93250035AAAD /* Main.storyboard */; };
		AD147DB3219D93270035AAAD /* Assets.xcassets in Resources */ = {isa = PBXBuildFile; fileRef = AD147DB2219D93270035AAAD /* Assets.xcassets */; };
		AD147DB6219D93270035AAAD /* LaunchScreen.storyboard in Resources */ = {isa = PBXBuildFile; fileRef = AD147DB4219D93270035AAAD /* LaunchScreen.storyboard */; };
		AD147DC1219D93270035AAAD /* HalfModalTests.swift in Sources */ = {isa = PBXBuildFile; fileRef = AD147DC0219D93270035AAAD /* HalfModalTests.swift */; };
		AD147DCC219D98B50035AAAD /* HalfModalViewController.swift in Sources */ = {isa = PBXBuildFile; fileRef = AD147DCB219D98B50035AAAD /* HalfModalViewController.swift */; };
		AD147DCE219DA7EF0035AAAD /* InstantPanGestureRecognizer.swift in Sources */ = {isa = PBXBuildFile; fileRef = AD147DCD219DA7EF0035AAAD /* InstantPanGestureRecognizer.swift */; };
		AD147DD021AABE530035AAAD /* UISpringTimingParameters+Ex.swift in Sources */ = {isa = PBXBuildFile; fileRef = AD147DCF21AABE530035AAAD /* UISpringTimingParameters+Ex.swift */; };
/* End PBXBuildFile section */

/* Begin PBXContainerItemProxy section */
		AD147DBD219D93270035AAAD /* PBXContainerItemProxy */ = {
			isa = PBXContainerItemProxy;
			containerPortal = AD147DA0219D93250035AAAD /* Project object */;
			proxyType = 1;
			remoteGlobalIDString = AD147DA7219D93250035AAAD;
			remoteInfo = HalfModal;
		};
/* End PBXContainerItemProxy section */

/* Begin PBXFileReference section */
		AD147DA8219D93250035AAAD /* HalfModal.app */ = {isa = PBXFileReference; explicitFileType = wrapper.application; includeInIndex = 0; path = HalfModal.app; sourceTree = BUILT_PRODUCTS_DIR; };
		AD147DAB219D93250035AAAD /* AppDelegate.swift */ = {isa = PBXFileReference; lastKnownFileType = sourcecode.swift; path = AppDelegate.swift; sourceTree = "<group>"; };
		AD147DB0219D93250035AAAD /* Base */ = {isa = PBXFileReference; lastKnownFileType = file.storyboard; name = Base; path = Base.lproj/Main.storyboard; sourceTree = "<group>"; };
		AD147DB2219D93270035AAAD /* Assets.xcassets */ = {isa = PBXFileReference; lastKnownFileType = folder.assetcatalog; path = Assets.xcassets; sourceTree = "<group>"; };
		AD147DB5219D93270035AAAD /* Base */ = {isa = PBXFileReference; lastKnownFileType = file.storyboard; name = Base; path = Base.lproj/LaunchScreen.storyboard; sourceTree = "<group>"; };
		AD147DB7219D93270035AAAD /* Info.plist */ = {isa = PBXFileReference; lastKnownFileType = text.plist.xml; path = Info.plist; sourceTree = "<group>"; };
		AD147DBC219D93270035AAAD /* HalfModalTests.xctest */ = {isa = PBXFileReference; explicitFileType = wrapper.cfbundle; includeInIndex = 0; path = HalfModalTests.xctest; sourceTree = BUILT_PRODUCTS_DIR; };
		AD147DC0219D93270035AAAD /* HalfModalTests.swift */ = {isa = PBXFileReference; lastKnownFileType = sourcecode.swift; path = HalfModalTests.swift; sourceTree = "<group>"; };
		AD147DC2219D93270035AAAD /* Info.plist */ = {isa = PBXFileReference; lastKnownFileType = text.plist.xml; path = Info.plist; sourceTree = "<group>"; };
		AD147DCB219D98B50035AAAD /* HalfModalViewController.swift */ = {isa = PBXFileReference; lastKnownFileType = sourcecode.swift; path = HalfModalViewController.swift; sourceTree = "<group>"; };
		AD147DCD219DA7EF0035AAAD /* InstantPanGestureRecognizer.swift */ = {isa = PBXFileReference; lastKnownFileType = sourcecode.swift; path = InstantPanGestureRecognizer.swift; sourceTree = "<group>"; };
		AD147DCF21AABE530035AAAD /* UISpringTimingParameters+Ex.swift */ = {isa = PBXFileReference; lastKnownFileType = sourcecode.swift; path = "UISpringTimingParameters+Ex.swift"; sourceTree = "<group>"; };
/* End PBXFileReference section */

/* Begin PBXFrameworksBuildPhase section */
		AD147DA5219D93250035AAAD /* Frameworks */ = {
			isa = PBXFrameworksBuildPhase;
			buildActionMask = 2147483647;
			files = (
			);
			runOnlyForDeploymentPostprocessing = 0;
		};
		AD147DB9219D93270035AAAD /* Frameworks */ = {
			isa = PBXFrameworksBuildPhase;
			buildActionMask = 2147483647;
			files = (
			);
			runOnlyForDeploymentPostprocessing = 0;
		};
/* End PBXFrameworksBuildPhase section */

/* Begin PBXGroup section */
		AD147D9F219D93250035AAAD = {
			isa = PBXGroup;
			children = (
				AD147DAA219D93250035AAAD /* HalfModal */,
				AD147DBF219D93270035AAAD /* HalfModalTests */,
				AD147DA9219D93250035AAAD /* Products */,
			);
			sourceTree = "<group>";
		};
		AD147DA9219D93250035AAAD /* Products */ = {
			isa = PBXGroup;
			children = (
				AD147DA8219D93250035AAAD /* HalfModal.app */,
				AD147DBC219D93270035AAAD /* HalfModalTests.xctest */,
			);
			name = Products;
			sourceTree = "<group>";
		};
		AD147DAA219D93250035AAAD /* HalfModal */ = {
			isa = PBXGroup;
			children = (
				AD147DAB219D93250035AAAD /* AppDelegate.swift */,
				AD147DCB219D98B50035AAAD /* HalfModalViewController.swift */,
				AD147DCD219DA7EF0035AAAD /* InstantPanGestureRecognizer.swift */,
				AD147DCF21AABE530035AAAD /* UISpringTimingParameters+Ex.swift */,
				AD147DAF219D93250035AAAD /* Main.storyboard */,
				AD147DB2219D93270035AAAD /* Assets.xcassets */,
				AD147DB4219D93270035AAAD /* LaunchScreen.storyboard */,
				AD147DB7219D93270035AAAD /* Info.plist */,
			);
			path = HalfModal;
			sourceTree = "<group>";
		};
		AD147DBF219D93270035AAAD /* HalfModalTests */ = {
			isa = PBXGroup;
			children = (
				AD147DC0219D93270035AAAD /* HalfModalTests.swift */,
				AD147DC2219D93270035AAAD /* Info.plist */,
			);
			path = HalfModalTests;
			sourceTree = "<group>";
		};
/* End PBXGroup section */

/* Begin PBXNativeTarget section */
		AD147DA7219D93250035AAAD /* HalfModal */ = {
			isa = PBXNativeTarget;
			buildConfigurationList = AD147DC5219D93270035AAAD /* Build configuration list for PBXNativeTarget "HalfModal" */;
			buildPhases = (
				AD147DA4219D93250035AAAD /* Sources */,
				AD147DA5219D93250035AAAD /* Frameworks */,
				AD147DA6219D93250035AAAD /* Resources */,
			);
			buildRules = (
			);
			dependencies = (
			);
			name = HalfModal;
			productName = HalfModal;
			productReference = AD147DA8219D93250035AAAD /* HalfModal.app */;
			productType = "com.apple.product-type.application";
		};
		AD147DBB219D93270035AAAD /* HalfModalTests */ = {
			isa = PBXNativeTarget;
			buildConfigurationList = AD147DC8219D93270035AAAD /* Build configuration list for PBXNativeTarget "HalfModalTests" */;
			buildPhases = (
				AD147DB8219D93270035AAAD /* Sources */,
				AD147DB9219D93270035AAAD /* Frameworks */,
				AD147DBA219D93270035AAAD /* Resources */,
			);
			buildRules = (
			);
			dependencies = (
				AD147DBE219D93270035AAAD /* PBXTargetDependency */,
			);
			name = HalfModalTests;
			productName = HalfModalTests;
			productReference = AD147DBC219D93270035AAAD /* HalfModalTests.xctest */;
			productType = "com.apple.product-type.bundle.unit-test";
		};
/* End PBXNativeTarget section */

/* Begin PBXProject section */
		AD147DA0219D93250035AAAD /* Project object */ = {
			isa = PBXProject;
			attributes = {
				LastSwiftUpdateCheck = 1010;
				LastUpgradeCheck = 1010;
				ORGANIZATIONNAME = hachinobu;
				TargetAttributes = {
					AD147DA7219D93250035AAAD = {
						CreatedOnToolsVersion = 10.1;
					};
					AD147DBB219D93270035AAAD = {
						CreatedOnToolsVersion = 10.1;
						TestTargetID = AD147DA7219D93250035AAAD;
					};
				};
			};
			buildConfigurationList = AD147DA3219D93250035AAAD /* Build configuration list for PBXProject "HalfModal" */;
			compatibilityVersion = "Xcode 9.3";
			developmentRegion = en;
			hasScannedForEncodings = 0;
			knownRegions = (
				en,
				Base,
			);
			mainGroup = AD147D9F219D93250035AAAD;
			productRefGroup = AD147DA9219D93250035AAAD /* Products */;
			projectDirPath = "";
			projectRoot = "";
			targets = (
				AD147DA7219D93250035AAAD /* HalfModal */,
				AD147DBB219D93270035AAAD /* HalfModalTests */,
			);
		};
/* End PBXProject section */

/* Begin PBXResourcesBuildPhase section */
		AD147DA6219D93250035AAAD /* Resources */ = {
			isa = PBXResourcesBuildPhase;
			buildActionMask = 2147483647;
			files = (
				AD147DB6219D93270035AAAD /* LaunchScreen.storyboard in Resources */,
				AD147DB3219D93270035AAAD /* Assets.xcassets in Resources */,
				AD147DB1219D93250035AAAD /* Main.storyboard in Resources */,
			);
			runOnlyForDeploymentPostprocessing = 0;
		};
		AD147DBA219D93270035AAAD /* Resources */ = {
			isa = PBXResourcesBuildPhase;
			buildActionMask = 2147483647;
			files = (
			);
			runOnlyForDeploymentPostprocessing = 0;
		};
/* End PBXResourcesBuildPhase section */

/* Begin PBXSourcesBuildPhase section */
		AD147DA4219D93250035AAAD /* Sources */ = {
			isa = PBXSourcesBuildPhase;
			buildActionMask = 2147483647;
			files = (
				AD147DCC219D98B50035AAAD /* HalfModalViewController.swift in Sources */,
				AD147DAC219D93250035AAAD /* AppDelegate.swift in Sources */,
				AD147DCE219DA7EF0035AAAD /* InstantPanGestureRecognizer.swift in Sources */,
				AD147DD021AABE530035AAAD /* UISpringTimingParameters+Ex.swift in Sources */,
			);
			runOnlyForDeploymentPostprocessing = 0;
		};
		AD147DB8219D93270035AAAD /* Sources */ = {
			isa = PBXSourcesBuildPhase;
			buildActionMask = 2147483647;
			files = (
				AD147DC1219D93270035AAAD /* HalfModalTests.swift in Sources */,
			);
			runOnlyForDeploymentPostprocessing = 0;
		};
/* End PBXSourcesBuildPhase section */

/* Begin PBXTargetDependency section */
		AD147DBE219D93270035AAAD /* PBXTargetDependency */ = {
			isa = PBXTargetDependency;
			target = AD147DA7219D93250035AAAD /* HalfModal */;
			targetProxy = AD147DBD219D93270035AAAD /* PBXContainerItemProxy */;
		};
/* End PBXTargetDependency section */

/* Begin PBXVariantGroup section */
		AD147DAF219D93250035AAAD /* Main.storyboard */ = {
			isa = PBXVariantGroup;
			children = (
				AD147DB0219D93250035AAAD /* Base */,
			);
			name = Main.storyboard;
			sourceTree = "<group>";
		};
		AD147DB4219D93270035AAAD /* LaunchScreen.storyboard */ = {
			isa = PBXVariantGroup;
			children = (
				AD147DB5219D93270035AAAD /* Base */,
			);
			name = LaunchScreen.storyboard;
			sourceTree = "<group>";
		};
/* End PBXVariantGroup section */

/* Begin XCBuildConfiguration section */
		AD147DC3219D93270035AAAD /* Debug */ = {
			isa = XCBuildConfiguration;
			buildSettings = {
				ALWAYS_SEARCH_USER_PATHS = NO;
				CLANG_ANALYZER_NONNULL = YES;
				CLANG_ANALYZER_NUMBER_OBJECT_CONVERSION = YES_AGGRESSIVE;
				CLANG_CXX_LANGUAGE_STANDARD = "gnu++14";
				CLANG_CXX_LIBRARY = "libc++";
				CLANG_ENABLE_MODULES = YES;
				CLANG_ENABLE_OBJC_ARC = YES;
				CLANG_ENABLE_OBJC_WEAK = YES;
				CLANG_WARN_BLOCK_CAPTURE_AUTORELEASING = YES;
				CLANG_WARN_BOOL_CONVERSION = YES;
				CLANG_WARN_COMMA = YES;
				CLANG_WARN_CONSTANT_CONVERSION = YES;
				CLANG_WARN_DEPRECATED_OBJC_IMPLEMENTATIONS = YES;
				CLANG_WARN_DIRECT_OBJC_ISA_USAGE = YES_ERROR;
				CLANG_WARN_DOCUMENTATION_COMMENTS = YES;
				CLANG_WARN_EMPTY_BODY = YES;
				CLANG_WARN_ENUM_CONVERSION = YES;
				CLANG_WARN_INFINITE_RECURSION = YES;
				CLANG_WARN_INT_CONVERSION = YES;
				CLANG_WARN_NON_LITERAL_NULL_CONVERSION = YES;
				CLANG_WARN_OBJC_IMPLICIT_RETAIN_SELF = YES;
				CLANG_WARN_OBJC_LITERAL_CONVERSION = YES;
				CLANG_WARN_OBJC_ROOT_CLASS = YES_ERROR;
				CLANG_WARN_RANGE_LOOP_ANALYSIS = YES;
				CLANG_WARN_STRICT_PROTOTYPES = YES;
				CLANG_WARN_SUSPICIOUS_MOVE = YES;
				CLANG_WARN_UNGUARDED_AVAILABILITY = YES_AGGRESSIVE;
				CLANG_WARN_UNREACHABLE_CODE = YES;
				CLANG_WARN__DUPLICATE_METHOD_MATCH = YES;
				CODE_SIGN_IDENTITY = "iPhone Developer";
				COPY_PHASE_STRIP = NO;
				DEBUG_INFORMATION_FORMAT = dwarf;
				ENABLE_STRICT_OBJC_MSGSEND = YES;
				ENABLE_TESTABILITY = YES;
				GCC_C_LANGUAGE_STANDARD = gnu11;
				GCC_DYNAMIC_NO_PIC = NO;
				GCC_NO_COMMON_BLOCKS = YES;
				GCC_OPTIMIZATION_LEVEL = 0;
				GCC_PREPROCESSOR_DEFINITIONS = (
					"DEBUG=1",
					"$(inherited)",
				);
				GCC_WARN_64_TO_32_BIT_CONVERSION = YES;
				GCC_WARN_ABOUT_RETURN_TYPE = YES_ERROR;
				GCC_WARN_UNDECLARED_SELECTOR = YES;
				GCC_WARN_UNINITIALIZED_AUTOS = YES_AGGRESSIVE;
				GCC_WARN_UNUSED_FUNCTION = YES;
				GCC_WARN_UNUSED_VARIABLE = YES;
				IPHONEOS_DEPLOYMENT_TARGET = 12.1;
				MTL_ENABLE_DEBUG_INFO = INCLUDE_SOURCE;
				MTL_FAST_MATH = YES;
				ONLY_ACTIVE_ARCH = YES;
				SDKROOT = iphoneos;
				SWIFT_ACTIVE_COMPILATION_CONDITIONS = DEBUG;
				SWIFT_OPTIMIZATION_LEVEL = "-Onone";
			};
			name = Debug;
		};
		AD147DC4219D93270035AAAD /* Release */ = {
			isa = XCBuildConfiguration;
			buildSettings = {
				ALWAYS_SEARCH_USER_PATHS = NO;
				CLANG_ANALYZER_NONNULL = YES;
				CLANG_ANALYZER_NUMBER_OBJECT_CONVERSION = YES_AGGRESSIVE;
				CLANG_CXX_LANGUAGE_STANDARD = "gnu++14";
				CLANG_CXX_LIBRARY = "libc++";
				CLANG_ENABLE_MODULES = YES;
				CLANG_ENABLE_OBJC_ARC = YES;
				CLANG_ENABLE_OBJC_WEAK = YES;
				CLANG_WARN_BLOCK_CAPTURE_AUTORELEASING = YES;
				CLANG_WARN_BOOL_CONVERSION = YES;
				CLANG_WARN_COMMA = YES;
				CLANG_WARN_CONSTANT_CONVERSION = YES;
				CLANG_WARN_DEPRECATED_OBJC_IMPLEMENTATIONS = YES;
				CLANG_WARN_DIRECT_OBJC_ISA_USAGE = YES_ERROR;
				CLANG_WARN_DOCUMENTATION_COMMENTS = YES;
				CLANG_WARN_EMPTY_BODY = YES;
				CLANG_WARN_ENUM_CONVERSION = YES;
				CLANG_WARN_INFINITE_RECURSION = YES;
				CLANG_WARN_INT_CONVERSION = YES;
				CLANG_WARN_NON_LITERAL_NULL_CONVERSION = YES;
				CLANG_WARN_OBJC_IMPLICIT_RETAIN_SELF = YES;
				CLANG_WARN_OBJC_LITERAL_CONVERSION = YES;
				CLANG_WARN_OBJC_ROOT_CLASS = YES_ERROR;
				CLANG_WARN_RANGE_LOOP_ANALYSIS = YES;
				CLANG_WARN_STRICT_PROTOTYPES = YES;
				CLANG_WARN_SUSPICIOUS_MOVE = YES;
				CLANG_WARN_UNGUARDED_AVAILABILITY = YES_AGGRESSIVE;
				CLANG_WARN_UNREACHABLE_CODE = YES;
				CLANG_WARN__DUPLICATE_METHOD_MATCH = YES;
				CODE_SIGN_IDENTITY = "iPhone Developer";
				COPY_PHASE_STRIP = NO;
				DEBUG_INFORMATION_FORMAT = "dwarf-with-dsym";
				ENABLE_NS_ASSERTIONS = NO;
				ENABLE_STRICT_OBJC_MSGSEND = YES;
				GCC_C_LANGUAGE_STANDARD = gnu11;
				GCC_NO_COMMON_BLOCKS = YES;
				GCC_WARN_64_TO_32_BIT_CONVERSION = YES;
				GCC_WARN_ABOUT_RETURN_TYPE = YES_ERROR;
				GCC_WARN_UNDECLARED_SELECTOR = YES;
				GCC_WARN_UNINITIALIZED_AUTOS = YES_AGGRESSIVE;
				GCC_WARN_UNUSED_FUNCTION = YES;
				GCC_WARN_UNUSED_VARIABLE = YES;
				IPHONEOS_DEPLOYMENT_TARGET = 12.1;
				MTL_ENABLE_DEBUG_INFO = NO;
				MTL_FAST_MATH = YES;
				SDKROOT = iphoneos;
				SWIFT_COMPILATION_MODE = wholemodule;
				SWIFT_OPTIMIZATION_LEVEL = "-O";
				VALIDATE_PRODUCT = YES;
			};
			name = Release;
		};
		AD147DC6219D93270035AAAD /* Debug */ = {
			isa = XCBuildConfiguration;
			buildSettings = {
				ASSETCATALOG_COMPILER_APPICON_NAME = AppIcon;
				CODE_SIGN_STYLE = Automatic;
				INFOPLIST_FILE = HalfModal/Info.plist;
				LD_RUNPATH_SEARCH_PATHS = (
					"$(inherited)",
					"@executable_path/Frameworks",
				);
				PRODUCT_BUNDLE_IDENTIFIER = com.hachinobu.HalfModal;
				PRODUCT_NAME = "$(TARGET_NAME)";
				SWIFT_VERSION = 4.2;
				TARGETED_DEVICE_FAMILY = "1,2";
			};
			name = Debug;
		};
		AD147DC7219D93270035AAAD /* Release */ = {
			isa = XCBuildConfiguration;
			buildSettings = {
				ASSETCATALOG_COMPILER_APPICON_NAME = AppIcon;
				CODE_SIGN_STYLE = Automatic;
				INFOPLIST_FILE = HalfModal/Info.plist;
				LD_RUNPATH_SEARCH_PATHS = (
					"$(inherited)",
					"@executable_path/Frameworks",
				);
				PRODUCT_BUNDLE_IDENTIFIER = com.hachinobu.HalfModal;
				PRODUCT_NAME = "$(TARGET_NAME)";
				SWIFT_VERSION = 4.2;
				TARGETED_DEVICE_FAMILY = "1,2";
			};
			name = Release;
		};
		AD147DC9219D93270035AAAD /* Debug */ = {
			isa = XCBuildConfiguration;
			buildSettings = {
				ALWAYS_EMBED_SWIFT_STANDARD_LIBRARIES = YES;
				BUNDLE_LOADER = "$(TEST_HOST)";
				CODE_SIGN_STYLE = Automatic;
				INFOPLIST_FILE = HalfModalTests/Info.plist;
				LD_RUNPATH_SEARCH_PATHS = (
					"$(inherited)",
					"@executable_path/Frameworks",
					"@loader_path/Frameworks",
				);
				PRODUCT_BUNDLE_IDENTIFIER = com.hachinobu.HalfModalTests;
				PRODUCT_NAME = "$(TARGET_NAME)";
				SWIFT_VERSION = 4.2;
				TARGETED_DEVICE_FAMILY = "1,2";
				TEST_HOST = "$(BUILT_PRODUCTS_DIR)/HalfModal.app/HalfModal";
			};
			name = Debug;
		};
		AD147DCA219D93270035AAAD /* Release */ = {
			isa = XCBuildConfiguration;
			buildSettings = {
				ALWAYS_EMBED_SWIFT_STANDARD_LIBRARIES = YES;
				BUNDLE_LOADER = "$(TEST_HOST)";
				CODE_SIGN_STYLE = Automatic;
				INFOPLIST_FILE = HalfModalTests/Info.plist;
				LD_RUNPATH_SEARCH_PATHS = (
					"$(inherited)",
					"@executable_path/Frameworks",
					"@loader_path/Frameworks",
				);
				PRODUCT_BUNDLE_IDENTIFIER = com.hachinobu.HalfModalTests;
				PRODUCT_NAME = "$(TARGET_NAME)";
				SWIFT_VERSION = 4.2;
				TARGETED_DEVICE_FAMILY = "1,2";
				TEST_HOST = "$(BUILT_PRODUCTS_DIR)/HalfModal.app/HalfModal";
			};
			name = Release;
		};
/* End XCBuildConfiguration section */

/* Begin XCConfigurationList section */
		AD147DA3219D93250035AAAD /* Build configuration list for PBXProject "HalfModal" */ = {
			isa = XCConfigurationList;
			buildConfigurations = (
				AD147DC3219D93270035AAAD /* Debug */,
				AD147DC4219D93270035AAAD /* Release */,
			);
			defaultConfigurationIsVisible = 0;
			defaultConfigurationName = Release;
		};
		AD147DC5219D93270035AAAD /* Build configuration list for PBXNativeTarget "HalfModal" */ = {
			isa = XCConfigurationList;
			buildConfigurations = (
				AD147DC6219D93270035AAAD /* Debug */,
				AD147DC7219D93270035AAAD /* Release */,
			);
			defaultConfigurationIsVisible = 0;
			defaultConfigurationName = Release;
		};
		AD147DC8219D93270035AAAD /* Build configuration list for PBXNativeTarget "HalfModalTests" */ = {
			isa = XCConfigurationList;
			buildConfigurations = (
				AD147DC9219D93270035AAAD /* Debug */,
				AD147DCA219D93270035AAAD /* Release */,
			);
			defaultConfigurationIsVisible = 0;
			defaultConfigurationName = Release;
		};
/* End XCConfigurationList section */
	};
	rootObject = AD147DA0219D93250035AAAD /* Project object */;
}
